
Microsoft Visual Studio Solution File, Format Version 12.00
# Visual Studio 15
VisualStudioVersion = 15.0.27428.2002
MinimumVisualStudioVersion = 10.0.40219.1
Project("{FAE04EC0-301F-11D3-BF4B-00C04F79EFBC}") = "PE001", "PE001\PE001.csproj", "{7482B83C-300D-4656-9CAA-C70A841EFE09}"
EndProject
Project("{FAE04EC0-301F-11D3-BF4B-00C04F79EFBC}") = "PE002", "PE002\PE002.csproj", "{95F4098D-FEBD-4A31-BEB6-8A2E696295F6}"
EndProject
Project("{FAE04EC0-301F-11D3-BF4B-00C04F79EFBC}") = "PE003", "PE003\PE003.csproj", "{915FDAB1-62F4-4FE5-AE29-C77E5E48F9C8}"
EndProject
Project("{FAE04EC0-301F-11D3-BF4B-00C04F79EFBC}") = "PE004", "PE004\PE004.csproj", "{C825D6F9-8987-4EA1-B97C-3E989C7DE2F5}"
EndProject
Project("{FAE04EC0-301F-11D3-BF4B-00C04F79EFBC}") = "PE005", "PE005\PE005.csproj", "{BE5370B8-DD79-4BBD-BCE5-64623CE2F11D}"
EndProject
Project("{FAE04EC0-301F-11D3-BF4B-00C04F79EFBC}") = "PE006", "PE006\PE006.csproj", "{B7D6F75E-424F-4289-8CDE-2B6549BC839C}"
EndProject
Project("{FAE04EC0-301F-11D3-BF4B-00C04F79EFBC}") = "PE007", "PE007\PE007.csproj", "{22A10E95-7C00-4E9F-A49C-4DE774179B9E}"
EndProject
Project("{FAE04EC0-301F-11D3-BF4B-00C04F79EFBC}") = "PE008", "PE008\PE008.csproj", "{3D4EC5AC-E8C1-499C-A6D3-97897404A47D}"
EndProject
Project("{FAE04EC0-301F-11D3-BF4B-00C04F79EFBC}") = "PE010", "PE010\PE010.csproj", "{9422EA62-6C60-405C-8ED9-D673CFA647A0}"
EndProject
Project("{FAE04EC0-301F-11D3-BF4B-00C04F79EFBC}") = "PE011", "PE011\PE011.csproj", "{A411AD41-CBA1-47CE-880F-D34D45A4861C}"
EndProject
Project("{FAE04EC0-301F-11D3-BF4B-00C04F79EFBC}") = "PE013", "PE013\PE013.csproj", "{9680E322-D2CB-4814-BDE6-81D63007CE0A}"
EndProject
Project("{FAE04EC0-301F-11D3-BF4B-00C04F79EFBC}") = "PE017", "PE017\PE017.csproj", "{4A94FB82-BC02-4C26-87EE-DC46E98C393A}"
EndProject
Global
	GlobalSection(SolutionConfigurationPlatforms) = preSolution
		Debug|Any CPU = Debug|Any CPU
		Release|Any CPU = Release|Any CPU
	EndGlobalSection
	GlobalSection(ProjectConfigurationPlatforms) = postSolution
		{7482B83C-300D-4656-9CAA-C70A841EFE09}.Debug|Any CPU.ActiveCfg = Debug|Any CPU
		{7482B83C-300D-4656-9CAA-C70A841EFE09}.Debug|Any CPU.Build.0 = Debug|Any CPU
		{7482B83C-300D-4656-9CAA-C70A841EFE09}.Release|Any CPU.ActiveCfg = Release|Any CPU
		{7482B83C-300D-4656-9CAA-C70A841EFE09}.Release|Any CPU.Build.0 = Release|Any CPU
		{95F4098D-FEBD-4A31-BEB6-8A2E696295F6}.Debug|Any CPU.ActiveCfg = Debug|Any CPU
		{95F4098D-FEBD-4A31-BEB6-8A2E696295F6}.Debug|Any CPU.Build.0 = Debug|Any CPU
		{95F4098D-FEBD-4A31-BEB6-8A2E696295F6}.Release|Any CPU.ActiveCfg = Release|Any CPU
		{95F4098D-FEBD-4A31-BEB6-8A2E696295F6}.Release|Any CPU.Build.0 = Release|Any CPU
		{915FDAB1-62F4-4FE5-AE29-C77E5E48F9C8}.Debug|Any CPU.ActiveCfg = Debug|Any CPU
		{915FDAB1-62F4-4FE5-AE29-C77E5E48F9C8}.Debug|Any CPU.Build.0 = Debug|Any CPU
		{915FDAB1-62F4-4FE5-AE29-C77E5E48F9C8}.Release|Any CPU.ActiveCfg = Release|Any CPU
		{915FDAB1-62F4-4FE5-AE29-C77E5E48F9C8}.Release|Any CPU.Build.0 = Release|Any CPU
		{C825D6F9-8987-4EA1-B97C-3E989C7DE2F5}.Debug|Any CPU.ActiveCfg = Debug|Any CPU
		{C825D6F9-8987-4EA1-B97C-3E989C7DE2F5}.Debug|Any CPU.Build.0 = Debug|Any CPU
		{C825D6F9-8987-4EA1-B97C-3E989C7DE2F5}.Release|Any CPU.ActiveCfg = Release|Any CPU
		{C825D6F9-8987-4EA1-B97C-3E989C7DE2F5}.Release|Any CPU.Build.0 = Release|Any CPU
		{BE5370B8-DD79-4BBD-BCE5-64623CE2F11D}.Debug|Any CPU.ActiveCfg = Debug|Any CPU
		{BE5370B8-DD79-4BBD-BCE5-64623CE2F11D}.Debug|Any CPU.Build.0 = Debug|Any CPU
		{BE5370B8-DD79-4BBD-BCE5-64623CE2F11D}.Release|Any CPU.ActiveCfg = Release|Any CPU
		{BE5370B8-DD79-4BBD-BCE5-64623CE2F11D}.Release|Any CPU.Build.0 = Release|Any CPU
		{B7D6F75E-424F-4289-8CDE-2B6549BC839C}.Debug|Any CPU.ActiveCfg = Debug|Any CPU
		{B7D6F75E-424F-4289-8CDE-2B6549BC839C}.Debug|Any CPU.Build.0 = Debug|Any CPU
		{B7D6F75E-424F-4289-8CDE-2B6549BC839C}.Release|Any CPU.ActiveCfg = Release|Any CPU
		{B7D6F75E-424F-4289-8CDE-2B6549BC839C}.Release|Any CPU.Build.0 = Release|Any CPU
		{22A10E95-7C00-4E9F-A49C-4DE774179B9E}.Debug|Any CPU.ActiveCfg = Debug|Any CPU
		{22A10E95-7C00-4E9F-A49C-4DE774179B9E}.Debug|Any CPU.Build.0 = Debug|Any CPU
		{22A10E95-7C00-4E9F-A49C-4DE774179B9E}.Release|Any CPU.ActiveCfg = Release|Any CPU
		{22A10E95-7C00-4E9F-A49C-4DE774179B9E}.Release|Any CPU.Build.0 = Release|Any CPU
		{3D4EC5AC-E8C1-499C-A6D3-97897404A47D}.Debug|Any CPU.ActiveCfg = Debug|Any CPU
		{3D4EC5AC-E8C1-499C-A6D3-97897404A47D}.Debug|Any CPU.Build.0 = Debug|Any CPU
		{3D4EC5AC-E8C1-499C-A6D3-97897404A47D}.Release|Any CPU.ActiveCfg = Release|Any CPU
		{3D4EC5AC-E8C1-499C-A6D3-97897404A47D}.Release|Any CPU.Build.0 = Release|Any CPU
		{9422EA62-6C60-405C-8ED9-D673CFA647A0}.Debug|Any CPU.ActiveCfg = Debug|Any CPU
		{9422EA62-6C60-405C-8ED9-D673CFA647A0}.Debug|Any CPU.Build.0 = Debug|Any CPU
		{9422EA62-6C60-405C-8ED9-D673CFA647A0}.Release|Any CPU.ActiveCfg = Release|Any CPU
		{9422EA62-6C60-405C-8ED9-D673CFA647A0}.Release|Any CPU.Build.0 = Release|Any CPU
		{A411AD41-CBA1-47CE-880F-D34D45A4861C}.Debug|Any CPU.ActiveCfg = Debug|Any CPU
		{A411AD41-CBA1-47CE-880F-D34D45A4861C}.Debug|Any CPU.Build.0 = Debug|Any CPU
		{A411AD41-CBA1-47CE-880F-D34D45A4861C}.Release|Any CPU.ActiveCfg = Release|Any CPU
		{A411AD41-CBA1-47CE-880F-D34D45A4861C}.Release|Any CPU.Build.0 = Release|Any CPU
		{9680E322-D2CB-4814-BDE6-81D63007CE0A}.Debug|Any CPU.ActiveCfg = Debug|Any CPU
		{9680E322-D2CB-4814-BDE6-81D63007CE0A}.Debug|Any CPU.Build.0 = Debug|Any CPU
		{9680E322-D2CB-4814-BDE6-81D63007CE0A}.Release|Any CPU.ActiveCfg = Release|Any CPU
		{9680E322-D2CB-4814-BDE6-81D63007CE0A}.Release|Any CPU.Build.0 = Release|Any CPU
		{4A94FB82-BC02-4C26-87EE-DC46E98C393A}.Debug|Any CPU.ActiveCfg = Debug|Any CPU
		{4A94FB82-BC02-4C26-87EE-DC46E98C393A}.Debug|Any CPU.Build.0 = Debug|Any CPU
		{4A94FB82-BC02-4C26-87EE-DC46E98C393A}.Release|Any CPU.ActiveCfg = Release|Any CPU
		{4A94FB82-BC02-4C26-87EE-DC46E98C393A}.Release|Any CPU.Build.0 = Release|Any CPU
	EndGlobalSection
	GlobalSection(SolutionProperties) = preSolution
		HideSolutionNode = FALSE
	EndGlobalSection
	GlobalSection(ExtensibilityGlobals) = postSolution
		SolutionGuid = {890F7F70-D1EF-4283-80EA-350CD32A5B0D}
	EndGlobalSection
EndGlobal
